{
  "originHash" : "39675f5eee0de2601cd77c30e7a83a7af5f3ced5d811fd56323c208b7f8e5108",
  "pins" : [
    {
      "identity" : "capacitor-swift-pm",
      "kind" : "remoteSourceControl",
      "location" : "https://github.com/ionic-team/capacitor-swift-pm.git",
      "state" : {
        "revision" : "1af38be000bb5fcd1d8fec09694115cdcb179695",
        "version" : "8.3.3"
      }
    }
  ],
  "version" : 3
}
